
Microsoft Visual Studio Solution File, Format Version 12.00
# Visual Studio Version 16
VisualStudioVersion = 16.0.31515.178
MinimumVisualStudioVersion = 10.0.40219.1
Project("{2150E333-8FDC-42A3-9474-1A3956D46DE8}") = "CursoTI", "CursoTI", "{08B76EC5-1AFF-4218-8B39-9B9FD74F7029}"
EndProject
Project("{9A19103F-16F7-4668-BE54-9A1E7A4F7556}") = "SRPDemo", "CursoTI\SRPDemo\SRPDemo.csproj", "{255EA215-3946-411F-93C1-E5960B9DBBF0}"
EndProject
Project("{9A19103F-16F7-4668-BE54-9A1E7A4F7556}") = "OCPDemo", "CursoTI\OCPDemo\OCPDemo.csproj", "{9FC79375-4CEB-4063-B888-9D11C5BFD774}"
EndProject
Project("{9A19103F-16F7-4668-BE54-9A1E7A4F7556}") = "OCP.WithSOLID", "CursoTI\OCP.WithSOLID\OCP.WithSOLID.csproj", "{6B790D02-3053-48A0-9721-5C9F2D52C7F7}"
EndProject
Project("{9A19103F-16F7-4668-BE54-9A1E7A4F7556}") = "SRP.WithSOLID", "CursoTI\SRP.WithSOLID\SRP.WithSOLID.csproj", "{C196A0BD-8C20-469C-8345-3A800EEF4ABE}"
EndProject
Project("{9A19103F-16F7-4668-BE54-9A1E7A4F7556}") = "LSPDemo", "CursoTI\LSPDemo\LSPDemo.csproj", "{668508C1-C149-4CA8-9445-EDD4815AC688}"
EndProject
Project("{9A19103F-16F7-4668-BE54-9A1E7A4F7556}") = "LSP.WithSOLID", "CursoTI\LSP.WithSOLID\LSP.WithSOLID.csproj", "{CECD71AB-52AF-4A79-B8F4-7B4A1810EC99}"
EndProject
Project("{9A19103F-16F7-4668-BE54-9A1E7A4F7556}") = "ISPDemo", "CursoTI\ISPDemo\ISPDemo.csproj", "{D33E5665-7F8D-4E61-AC8E-24F8BE54228B}"
EndProject
Project("{FAE04EC0-301F-11D3-BF4B-00C04F79EFBC}") = "ISP.WithSOLID", "CursoTI\ISP.WithSOLID\ISP.WithSOLID.csproj", "{20E971AF-5F6C-47F7-BDC3-527E23517C48}"
EndProject
Project("{FAE04EC0-301F-11D3-BF4B-00C04F79EFBC}") = "DIPDemo", "CursoTI\DIPDemo\DIPDemo.csproj", "{D872A117-0332-493C-89F4-DC98EF4B0E96}"
EndProject
Project("{FAE04EC0-301F-11D3-BF4B-00C04F79EFBC}") = "ConsoleLoggerLibrary", "CursoTI\ConsoleLoggerLibrary\ConsoleLoggerLibrary.csproj", "{499944E2-3051-450B-8CD4-4C775ECFB134}"
EndProject
Project("{FAE04EC0-301F-11D3-BF4B-00C04F79EFBC}") = "DIPAbstractions", "CursoTI\DIPAbstractions\DIPAbstractions.csproj", "{D2F56BE9-55FA-46B3-8359-4544127A56BD}"
EndProject
Project("{FAE04EC0-301F-11D3-BF4B-00C04F79EFBC}") = "DIPIoC", "CursoTI\DIPIoC\DIPIoC.csproj", "{6AE047DC-8370-4BDD-BB98-410F2B75A676}"
EndProject
Global
	GlobalSection(SolutionConfigurationPlatforms) = preSolution
		Debug|Any CPU = Debug|Any CPU
		Release|Any CPU = Release|Any CPU
	EndGlobalSection
	GlobalSection(ProjectConfigurationPlatforms) = postSolution
		{255EA215-3946-411F-93C1-E5960B9DBBF0}.Debug|Any CPU.ActiveCfg = Debug|Any CPU
		{255EA215-3946-411F-93C1-E5960B9DBBF0}.Debug|Any CPU.Build.0 = Debug|Any CPU
		{255EA215-3946-411F-93C1-E5960B9DBBF0}.Release|Any CPU.ActiveCfg = Release|Any CPU
		{255EA215-3946-411F-93C1-E5960B9DBBF0}.Release|Any CPU.Build.0 = Release|Any CPU
		{9FC79375-4CEB-4063-B888-9D11C5BFD774}.Debug|Any CPU.ActiveCfg = Debug|Any CPU
		{9FC79375-4CEB-4063-B888-9D11C5BFD774}.Debug|Any CPU.Build.0 = Debug|Any CPU
		{9FC79375-4CEB-4063-B888-9D11C5BFD774}.Release|Any CPU.ActiveCfg = Release|Any CPU
		{9FC79375-4CEB-4063-B888-9D11C5BFD774}.Release|Any CPU.Build.0 = Release|Any CPU
		{6B790D02-3053-48A0-9721-5C9F2D52C7F7}.Debug|Any CPU.ActiveCfg = Debug|Any CPU
		{6B790D02-3053-48A0-9721-5C9F2D52C7F7}.Debug|Any CPU.Build.0 = Debug|Any CPU
		{6B790D02-3053-48A0-9721-5C9F2D52C7F7}.Release|Any CPU.ActiveCfg = Release|Any CPU
		{6B790D02-3053-48A0-9721-5C9F2D52C7F7}.Release|Any CPU.Build.0 = Release|Any CPU
		{C196A0BD-8C20-469C-8345-3A800EEF4ABE}.Debug|Any CPU.ActiveCfg = Debug|Any CPU
		{C196A0BD-8C20-469C-8345-3A800EEF4ABE}.Debug|Any CPU.Build.0 = Debug|Any CPU
		{C196A0BD-8C20-469C-8345-3A800EEF4ABE}.Release|Any CPU.ActiveCfg = Release|Any CPU
		{C196A0BD-8C20-469C-8345-3A800EEF4ABE}.Release|Any CPU.Build.0 = Release|Any CPU
		{668508C1-C149-4CA8-9445-EDD4815AC688}.Debug|Any CPU.ActiveCfg = Debug|Any CPU
		{668508C1-C149-4CA8-9445-EDD4815AC688}.Debug|Any CPU.Build.0 = Debug|Any CPU
		{668508C1-C149-4CA8-9445-EDD4815AC688}.Release|Any CPU.ActiveCfg = Release|Any CPU
		{668508C1-C149-4CA8-9445-EDD4815AC688}.Release|Any CPU.Build.0 = Release|Any CPU
		{CECD71AB-52AF-4A79-B8F4-7B4A1810EC99}.Debug|Any CPU.ActiveCfg = Debug|Any CPU
		{CECD71AB-52AF-4A79-B8F4-7B4A1810EC99}.Debug|Any CPU.Build.0 = Debug|Any CPU
		{CECD71AB-52AF-4A79-B8F4-7B4A1810EC99}.Release|Any CPU.ActiveCfg = Release|Any CPU
		{CECD71AB-52AF-4A79-B8F4-7B4A1810EC99}.Release|Any CPU.Build.0 = Release|Any CPU
		{D33E5665-7F8D-4E61-AC8E-24F8BE54228B}.Debug|Any CPU.ActiveCfg = Debug|Any CPU
		{D33E5665-7F8D-4E61-AC8E-24F8BE54228B}.Debug|Any CPU.Build.0 = Debug|Any CPU
		{D33E5665-7F8D-4E61-AC8E-24F8BE54228B}.Release|Any CPU.ActiveCfg = Release|Any CPU
		{D33E5665-7F8D-4E61-AC8E-24F8BE54228B}.Release|Any CPU.Build.0 = Release|Any CPU
		{20E971AF-5F6C-47F7-BDC3-527E23517C48}.Debug|Any CPU.ActiveCfg = Debug|Any CPU
		{20E971AF-5F6C-47F7-BDC3-527E23517C48}.Debug|Any CPU.Build.0 = Debug|Any CPU
		{20E971AF-5F6C-47F7-BDC3-527E23517C48}.Release|Any CPU.ActiveCfg = Release|Any CPU
		{20E971AF-5F6C-47F7-BDC3-527E23517C48}.Release|Any CPU.Build.0 = Release|Any CPU
		{D872A117-0332-493C-89F4-DC98EF4B0E96}.Debug|Any CPU.ActiveCfg = Debug|Any CPU
		{D872A117-0332-493C-89F4-DC98EF4B0E96}.Debug|Any CPU.Build.0 = Debug|Any CPU
		{D872A117-0332-493C-89F4-DC98EF4B0E96}.Release|Any CPU.ActiveCfg = Release|Any CPU
		{D872A117-0332-493C-89F4-DC98EF4B0E96}.Release|Any CPU.Build.0 = Release|Any CPU
		{499944E2-3051-450B-8CD4-4C775ECFB134}.Debug|Any CPU.ActiveCfg = Debug|Any CPU
		{499944E2-3051-450B-8CD4-4C775ECFB134}.Debug|Any CPU.Build.0 = Debug|Any CPU
		{499944E2-3051-450B-8CD4-4C775ECFB134}.Release|Any CPU.ActiveCfg = Release|Any CPU
		{499944E2-3051-450B-8CD4-4C775ECFB134}.Release|Any CPU.Build.0 = Release|Any CPU
		{D2F56BE9-55FA-46B3-8359-4544127A56BD}.Debug|Any CPU.ActiveCfg = Debug|Any CPU
		{D2F56BE9-55FA-46B3-8359-4544127A56BD}.Debug|Any CPU.Build.0 = Debug|Any CPU
		{D2F56BE9-55FA-46B3-8359-4544127A56BD}.Release|Any CPU.ActiveCfg = Release|Any CPU
		{D2F56BE9-55FA-46B3-8359-4544127A56BD}.Release|Any CPU.Build.0 = Release|Any CPU
		{6AE047DC-8370-4BDD-BB98-410F2B75A676}.Debug|Any CPU.ActiveCfg = Debug|Any CPU
		{6AE047DC-8370-4BDD-BB98-410F2B75A676}.Debug|Any CPU.Build.0 = Debug|Any CPU
		{6AE047DC-8370-4BDD-BB98-410F2B75A676}.Release|Any CPU.ActiveCfg = Release|Any CPU
		{6AE047DC-8370-4BDD-BB98-410F2B75A676}.Release|Any CPU.Build.0 = Release|Any CPU
	EndGlobalSection
	GlobalSection(SolutionProperties) = preSolution
		HideSolutionNode = FALSE
	EndGlobalSection
	GlobalSection(NestedProjects) = preSolution
		{255EA215-3946-411F-93C1-E5960B9DBBF0} = {08B76EC5-1AFF-4218-8B39-9B9FD74F7029}
		{9FC79375-4CEB-4063-B888-9D11C5BFD774} = {08B76EC5-1AFF-4218-8B39-9B9FD74F7029}
		{6B790D02-3053-48A0-9721-5C9F2D52C7F7} = {08B76EC5-1AFF-4218-8B39-9B9FD74F7029}
		{C196A0BD-8C20-469C-8345-3A800EEF4ABE} = {08B76EC5-1AFF-4218-8B39-9B9FD74F7029}
		{668508C1-C149-4CA8-9445-EDD4815AC688} = {08B76EC5-1AFF-4218-8B39-9B9FD74F7029}
		{CECD71AB-52AF-4A79-B8F4-7B4A1810EC99} = {08B76EC5-1AFF-4218-8B39-9B9FD74F7029}
		{D33E5665-7F8D-4E61-AC8E-24F8BE54228B} = {08B76EC5-1AFF-4218-8B39-9B9FD74F7029}
		{20E971AF-5F6C-47F7-BDC3-527E23517C48} = {08B76EC5-1AFF-4218-8B39-9B9FD74F7029}
		{D872A117-0332-493C-89F4-DC98EF4B0E96} = {08B76EC5-1AFF-4218-8B39-9B9FD74F7029}
		{499944E2-3051-450B-8CD4-4C775ECFB134} = {08B76EC5-1AFF-4218-8B39-9B9FD74F7029}
		{D2F56BE9-55FA-46B3-8359-4544127A56BD} = {08B76EC5-1AFF-4218-8B39-9B9FD74F7029}
		{6AE047DC-8370-4BDD-BB98-410F2B75A676} = {08B76EC5-1AFF-4218-8B39-9B9FD74F7029}
	EndGlobalSection
	GlobalSection(ExtensibilityGlobals) = postSolution
		SolutionGuid = {A5DE4EBF-55F5-4687-B80B-0A258149F2E0}
	EndGlobalSection
EndGlobal
